
Microsoft Visual Studio Solution File, Format Version 12.00
# Visual Studio Version 17
VisualStudioVersion = 17.4.33403.182
MinimumVisualStudioVersion = 10.0.40219.1
Project("{9A19103F-16F7-4668-BE54-9A1E7A4F7556}") = "Lab4", "Lab4\Lab4.csproj", "{001BB6A8-5F17-42EF-AABF-A599980FC33B}"
EndProject
Global
	GlobalSection(SolutionConfigurationPlatforms) = preSolution
		Debug|Any CPU = Debug|Any CPU
		Release|Any CPU = Release|Any CPU
	EndGlobalSection
	GlobalSection(ProjectConfigurationPlatforms) = postSolution
		{001BB6A8-5F17-42EF-AABF-A599980FC33B}.Debug|Any CPU.ActiveCfg = Debug|Any CPU
		{001BB6A8-5F17-42EF-AABF-A599980FC33B}.Debug|Any CPU.Build.0 = Debug|Any CPU
		{001BB6A8-5F17-42EF-AABF-A599980FC33B}.Release|Any CPU.ActiveCfg = Release|Any CPU
		{001BB6A8-5F17-42EF-AABF-A599980FC33B}.Release|Any CPU.Build.0 = Release|Any CPU
	EndGlobalSection
	GlobalSection(SolutionProperties) = preSolution
		HideSolutionNode = FALSE
	EndGlobalSection
	GlobalSection(ExtensibilityGlobals) = postSolution
		SolutionGuid = {4EFA334A-5A5F-40BC-B90B-9E718246C003}
	EndGlobalSection
EndGlobal
